
Microsoft Visual Studio Solution File, Format Version 12.00
# Visual Studio Version 17
VisualStudioVersion = 17.0.32112.339
MinimumVisualStudioVersion = 10.0.40219.1
Project("{9A19103F-16F7-4668-BE54-9A1E7A4F7556}") = "Exercício 1", "Exercício 1\Exercício 1.csproj", "{A9372FEE-B6A2-482F-98F2-AF8F2878F59D}"
EndProject
Project("{9A19103F-16F7-4668-BE54-9A1E7A4F7556}") = "Exercício 2", "Exercício 2\Exercício 2.csproj", "{563BBD23-00CB-42B8-96EB-D8E787CB5D34}"
EndProject
Project("{9A19103F-16F7-4668-BE54-9A1E7A4F7556}") = "Exercício 3", "Exercício 3\Exercício 3.csproj", "{0128791A-44D4-4DAE-910F-5BB7F3AD4536}"
EndProject
Project("{9A19103F-16F7-4668-BE54-9A1E7A4F7556}") = "Exercício 4", "Exercício 4\Exercício 4.csproj", "{91BD6C95-8C04-41BB-800A-833424014120}"
EndProject
Project("{FAE04EC0-301F-11D3-BF4B-00C04F79EFBC}") = "Exercício 5", "Exercício 5\Exercício 5.csproj", "{499BDD0F-17D0-4602-8B37-10BE8DA4CD9F}"
EndProject
Global
	GlobalSection(SolutionConfigurationPlatforms) = preSolution
		Debug|Any CPU = Debug|Any CPU
		Release|Any CPU = Release|Any CPU
	EndGlobalSection
	GlobalSection(ProjectConfigurationPlatforms) = postSolution
		{A9372FEE-B6A2-482F-98F2-AF8F2878F59D}.Debug|Any CPU.ActiveCfg = Debug|Any CPU
		{A9372FEE-B6A2-482F-98F2-AF8F2878F59D}.Debug|Any CPU.Build.0 = Debug|Any CPU
		{A9372FEE-B6A2-482F-98F2-AF8F2878F59D}.Release|Any CPU.ActiveCfg = Release|Any CPU
		{A9372FEE-B6A2-482F-98F2-AF8F2878F59D}.Release|Any CPU.Build.0 = Release|Any CPU
		{563BBD23-00CB-42B8-96EB-D8E787CB5D34}.Debug|Any CPU.ActiveCfg = Debug|Any CPU
		{563BBD23-00CB-42B8-96EB-D8E787CB5D34}.Debug|Any CPU.Build.0 = Debug|Any CPU
		{563BBD23-00CB-42B8-96EB-D8E787CB5D34}.Release|Any CPU.ActiveCfg = Release|Any CPU
		{563BBD23-00CB-42B8-96EB-D8E787CB5D34}.Release|Any CPU.Build.0 = Release|Any CPU
		{0128791A-44D4-4DAE-910F-5BB7F3AD4536}.Debug|Any CPU.ActiveCfg = Debug|Any CPU
		{0128791A-44D4-4DAE-910F-5BB7F3AD4536}.Debug|Any CPU.Build.0 = Debug|Any CPU
		{0128791A-44D4-4DAE-910F-5BB7F3AD4536}.Release|Any CPU.ActiveCfg = Release|Any CPU
		{0128791A-44D4-4DAE-910F-5BB7F3AD4536}.Release|Any CPU.Build.0 = Release|Any CPU
		{91BD6C95-8C04-41BB-800A-833424014120}.Debug|Any CPU.ActiveCfg = Debug|Any CPU
		{91BD6C95-8C04-41BB-800A-833424014120}.Debug|Any CPU.Build.0 = Debug|Any CPU
		{91BD6C95-8C04-41BB-800A-833424014120}.Release|Any CPU.ActiveCfg = Release|Any CPU
		{91BD6C95-8C04-41BB-800A-833424014120}.Release|Any CPU.Build.0 = Release|Any CPU
		{499BDD0F-17D0-4602-8B37-10BE8DA4CD9F}.Debug|Any CPU.ActiveCfg = Debug|Any CPU
		{499BDD0F-17D0-4602-8B37-10BE8DA4CD9F}.Debug|Any CPU.Build.0 = Debug|Any CPU
		{499BDD0F-17D0-4602-8B37-10BE8DA4CD9F}.Release|Any CPU.ActiveCfg = Release|Any CPU
		{499BDD0F-17D0-4602-8B37-10BE8DA4CD9F}.Release|Any CPU.Build.0 = Release|Any CPU
	EndGlobalSection
	GlobalSection(SolutionProperties) = preSolution
		HideSolutionNode = FALSE
	EndGlobalSection
	GlobalSection(ExtensibilityGlobals) = postSolution
		SolutionGuid = {BA89D0AE-2A83-4531-8ADF-B374193F5947}
	EndGlobalSection
EndGlobal
